
Microsoft Visual Studio Solution File, Format Version 12.00
# Visual Studio Version 16
VisualStudioVersion = 16.0.33529.622
MinimumVisualStudioVersion = 10.0.40219.1
Project("{FAE04EC0-301F-11D3-BF4B-00C04F79EFBC}") = "WebApplication1", "WebApplication1\WebApplication1.csproj", "{79C0A41B-B28A-4DE2-B755-E0D8F69836EC}"
EndProject
Global
	GlobalSection(SolutionConfigurationPlatforms) = preSolution
		Debug|Any CPU = Debug|Any CPU
		Release|Any CPU = Release|Any CPU
	EndGlobalSection
	GlobalSection(ProjectConfigurationPlatforms) = postSolution
		{79C0A41B-B28A-4DE2-B755-E0D8F69836EC}.Debug|Any CPU.ActiveCfg = Debug|Any CPU
		{79C0A41B-B28A-4DE2-B755-E0D8F69836EC}.Debug|Any CPU.Build.0 = Debug|Any CPU
		{79C0A41B-B28A-4DE2-B755-E0D8F69836EC}.Release|Any CPU.ActiveCfg = Release|Any CPU
		{79C0A41B-B28A-4DE2-B755-E0D8F69836EC}.Release|Any CPU.Build.0 = Release|Any CPU
	EndGlobalSection
	GlobalSection(SolutionProperties) = preSolution
		HideSolutionNode = FALSE
	EndGlobalSection
	GlobalSection(ExtensibilityGlobals) = postSolution
		SolutionGuid = {86D67FDA-384D-4DD9-82D5-4C348BBF0068}
	EndGlobalSection
EndGlobal
