
Microsoft Visual Studio Solution File, Format Version 12.00
# Visual Studio Version 16
VisualStudioVersion = 16.0.33529.622
MinimumVisualStudioVersion = 10.0.40219.1
Project("{FAE04EC0-301F-11D3-BF4B-00C04F79EFBC}") = "PractiseProj", "PractiseProj\PractiseProj.csproj", "{8660D242-DF8F-485B-A28F-BBD34102A897}"
EndProject
Global
	GlobalSection(SolutionConfigurationPlatforms) = preSolution
		Debug|Any CPU = Debug|Any CPU
		Release|Any CPU = Release|Any CPU
	EndGlobalSection
	GlobalSection(ProjectConfigurationPlatforms) = postSolution
		{8660D242-DF8F-485B-A28F-BBD34102A897}.Debug|Any CPU.ActiveCfg = Debug|Any CPU
		{8660D242-DF8F-485B-A28F-BBD34102A897}.Debug|Any CPU.Build.0 = Debug|Any CPU
		{8660D242-DF8F-485B-A28F-BBD34102A897}.Release|Any CPU.ActiveCfg = Release|Any CPU
		{8660D242-DF8F-485B-A28F-BBD34102A897}.Release|Any CPU.Build.0 = Release|Any CPU
	EndGlobalSection
	GlobalSection(SolutionProperties) = preSolution
		HideSolutionNode = FALSE
	EndGlobalSection
	GlobalSection(ExtensibilityGlobals) = postSolution
		SolutionGuid = {392C4F43-A4AA-4E09-905C-73055D63265C}
	EndGlobalSection
EndGlobal
